
Microsoft Visual Studio Solution File, Format Version 12.00
# Visual Studio 2013
VisualStudioVersion = 12.0.21005.1
MinimumVisualStudioVersion = 10.0.40219.1
Project("{2150E333-8FDC-42A3-9474-1A3956D46DE8}") = "Template Projects", "Template Projects", "{03B48B9B-9706-4072-9183-E267452DCC31}"
EndProject
Project("{FAE04EC0-301F-11D3-BF4B-00C04F79EFBC}") = "MonoCross Console Container", "MonoCross.Console.Container\MonoCross Console Container.csproj", "{949DD877-568A-4006-843D-04AB375463B4}"
EndProject
Project("{FAE04EC0-301F-11D3-BF4B-00C04F79EFBC}") = "MonoCross Android Container", "MonoCross.Android.Container\MonoCross Android Container.csproj", "{DEA9870F-BE56-4C68-89F3-B2DCCAEABF6F}"
EndProject
Project("{FAE04EC0-301F-11D3-BF4B-00C04F79EFBC}") = "MonoCross.Application", "MonoCross.Application\MonoCross.Application.csproj", "{8D1CAEE2-852E-4508-B5AB-39755E242A11}"
EndProject
Project("{2150E333-8FDC-42A3-9474-1A3956D46DE8}") = "TestServer", "TestServer", "{57BCFC92-D4A7-4D4E-BEFC-F7097FA930EE}"
EndProject
Project("{FAE04EC0-301F-11D3-BF4B-00C04F79EFBC}") = "MonoCross Touch Container", "MonoCross.Touch.Container\MonoCross Touch Container.csproj", "{69E45807-5C47-415A-8D7E-E191398B2CF9}"
EndProject
Project("{FAE04EC0-301F-11D3-BF4B-00C04F79EFBC}") = "NuGetServer", "NuGetServer\NuGetServer.csproj", "{CD2642DB-5C69-4855-B2C0-2E138A2ED849}"
EndProject
Project("{2150E333-8FDC-42A3-9474-1A3956D46DE8}") = "VSIX", "VSIX", "{142FAC04-9B2F-41AC-BBDD-69A6B6225F18}"
EndProject
Project("{FAE04EC0-301F-11D3-BF4B-00C04F79EFBC}") = "MonoCrossTemplates", "MonoCrossTemplates\MonoCrossTemplates.csproj", "{2DA69210-55DB-489D-A3C1-02479BCB60CC}"
EndProject
Project("{FAE04EC0-301F-11D3-BF4B-00C04F79EFBC}") = "MonoCross Webkit Container", "MonoCross Webkit Container\MonoCross Webkit Container.csproj", "{BCD9B97A-C6C0-4DDB-98D0-30C14491C17A}"
EndProject
Project("{FAE04EC0-301F-11D3-BF4B-00C04F79EFBC}") = "MonoCross Windows Phone Container", "MonoCross Windows Phone Container\MonoCross Windows Phone Container.csproj", "{8EBA6918-21BE-4D4D-94F9-4D2FDE3EA0D0}"
EndProject
Project("{2150E333-8FDC-42A3-9474-1A3956D46DE8}") = "Item Templates", "Item Templates", "{5A40B68D-30D7-472C-B282-D99031AECC64}"
EndProject
Project("{FAE04EC0-301F-11D3-BF4B-00C04F79EFBC}") = "MonoCross Item Templates", "MonoCross Item Templates\MonoCross Item Templates.csproj", "{43924532-339B-44DD-8416-1EC1CBAB8FE8}"
EndProject
Global
	GlobalSection(SolutionConfigurationPlatforms) = preSolution
		Ad-Hoc|Any CPU = Ad-Hoc|Any CPU
		Ad-Hoc|ARM = Ad-Hoc|ARM
		Ad-Hoc|iPhone = Ad-Hoc|iPhone
		Ad-Hoc|iPhoneSimulator = Ad-Hoc|iPhoneSimulator
		Ad-Hoc|Mixed Platforms = Ad-Hoc|Mixed Platforms
		Ad-Hoc|x86 = Ad-Hoc|x86
		AppStore|Any CPU = AppStore|Any CPU
		AppStore|ARM = AppStore|ARM
		AppStore|iPhone = AppStore|iPhone
		AppStore|iPhoneSimulator = AppStore|iPhoneSimulator
		AppStore|Mixed Platforms = AppStore|Mixed Platforms
		AppStore|x86 = AppStore|x86
		Coverage|Any CPU = Coverage|Any CPU
		Coverage|ARM = Coverage|ARM
		Coverage|iPhone = Coverage|iPhone
		Coverage|iPhoneSimulator = Coverage|iPhoneSimulator
		Coverage|Mixed Platforms = Coverage|Mixed Platforms
		Coverage|x86 = Coverage|x86
		Debug|Any CPU = Debug|Any CPU
		Debug|ARM = Debug|ARM
		Debug|iPhone = Debug|iPhone
		Debug|iPhoneSimulator = Debug|iPhoneSimulator
		Debug|Mixed Platforms = Debug|Mixed Platforms
		Debug|x86 = Debug|x86
		Mono Debug|Any CPU = Mono Debug|Any CPU
		Mono Debug|ARM = Mono Debug|ARM
		Mono Debug|iPhone = Mono Debug|iPhone
		Mono Debug|iPhoneSimulator = Mono Debug|iPhoneSimulator
		Mono Debug|Mixed Platforms = Mono Debug|Mixed Platforms
		Mono Debug|x86 = Mono Debug|x86
		Mono Release|Any CPU = Mono Release|Any CPU
		Mono Release|ARM = Mono Release|ARM
		Mono Release|iPhone = Mono Release|iPhone
		Mono Release|iPhoneSimulator = Mono Release|iPhoneSimulator
		Mono Release|Mixed Platforms = Mono Release|Mixed Platforms
		Mono Release|x86 = Mono Release|x86
		Release|Any CPU = Release|Any CPU
		Release|ARM = Release|ARM
		Release|iPhone = Release|iPhone
		Release|iPhoneSimulator = Release|iPhoneSimulator
		Release|Mixed Platforms = Release|Mixed Platforms
		Release|x86 = Release|x86
	EndGlobalSection
	GlobalSection(ProjectConfigurationPlatforms) = postSolution
		{949DD877-568A-4006-843D-04AB375463B4}.Ad-Hoc|Any CPU.ActiveCfg = Release|x86
		{949DD877-568A-4006-843D-04AB375463B4}.Ad-Hoc|ARM.ActiveCfg = Debug|x86
		{949DD877-568A-4006-843D-04AB375463B4}.Ad-Hoc|iPhone.ActiveCfg = Release|x86
		{949DD877-568A-4006-843D-04AB375463B4}.Ad-Hoc|iPhoneSimulator.ActiveCfg = Release|x86
		{949DD877-568A-4006-843D-04AB375463B4}.Ad-Hoc|Mixed Platforms.ActiveCfg = Release|x86
		{949DD877-568A-4006-843D-04AB375463B4}.Ad-Hoc|Mixed Platforms.Build.0 = Release|x86
		{949DD877-568A-4006-843D-04AB375463B4}.Ad-Hoc|x86.ActiveCfg = Release|x86
		{949DD877-568A-4006-843D-04AB375463B4}.Ad-Hoc|x86.Build.0 = Release|x86
		{949DD877-568A-4006-843D-04AB375463B4}.AppStore|Any CPU.ActiveCfg = Release|x86
		{949DD877-568A-4006-843D-04AB375463B4}.AppStore|ARM.ActiveCfg = Debug|x86
		{949DD877-568A-4006-843D-04AB375463B4}.AppStore|iPhone.ActiveCfg = Release|x86
		{949DD877-568A-4006-843D-04AB375463B4}.AppStore|iPhoneSimulator.ActiveCfg = Release|x86
		{949DD877-568A-4006-843D-04AB375463B4}.AppStore|Mixed Platforms.ActiveCfg = Release|x86
		{949DD877-568A-4006-843D-04AB375463B4}.AppStore|Mixed Platforms.Build.0 = Release|x86
		{949DD877-568A-4006-843D-04AB375463B4}.AppStore|x86.ActiveCfg = Release|x86
		{949DD877-568A-4006-843D-04AB375463B4}.AppStore|x86.Build.0 = Release|x86
		{949DD877-568A-4006-843D-04AB375463B4}.Coverage|Any CPU.ActiveCfg = Release|x86
		{949DD877-568A-4006-843D-04AB375463B4}.Coverage|ARM.ActiveCfg = Debug|x86
		{949DD877-568A-4006-843D-04AB375463B4}.Coverage|iPhone.ActiveCfg = Release|x86
		{949DD877-568A-4006-843D-04AB375463B4}.Coverage|iPhoneSimulator.ActiveCfg = Release|x86
		{949DD877-568A-4006-843D-04AB375463B4}.Coverage|Mixed Platforms.ActiveCfg = Release|x86
		{949DD877-568A-4006-843D-04AB375463B4}.Coverage|Mixed Platforms.Build.0 = Release|x86
		{949DD877-568A-4006-843D-04AB375463B4}.Coverage|x86.ActiveCfg = Release|x86
		{949DD877-568A-4006-843D-04AB375463B4}.Coverage|x86.Build.0 = Release|x86
		{949DD877-568A-4006-843D-04AB375463B4}.Debug|Any CPU.ActiveCfg = Debug|x86
		{949DD877-568A-4006-843D-04AB375463B4}.Debug|ARM.ActiveCfg = Debug|x86
		{949DD877-568A-4006-843D-04AB375463B4}.Debug|iPhone.ActiveCfg = Debug|x86
		{949DD877-568A-4006-843D-04AB375463B4}.Debug|iPhoneSimulator.ActiveCfg = Debug|x86
		{949DD877-568A-4006-843D-04AB375463B4}.Debug|Mixed Platforms.ActiveCfg = Debug|x86
		{949DD877-568A-4006-843D-04AB375463B4}.Debug|Mixed Platforms.Build.0 = Debug|x86
		{949DD877-568A-4006-843D-04AB375463B4}.Debug|x86.ActiveCfg = Debug|x86
		{949DD877-568A-4006-843D-04AB375463B4}.Debug|x86.Build.0 = Debug|x86
		{949DD877-568A-4006-843D-04AB375463B4}.Mono Debug|Any CPU.ActiveCfg = Debug|x86
		{949DD877-568A-4006-843D-04AB375463B4}.Mono Debug|ARM.ActiveCfg = Debug|x86
		{949DD877-568A-4006-843D-04AB375463B4}.Mono Debug|iPhone.ActiveCfg = Debug|x86
		{949DD877-568A-4006-843D-04AB375463B4}.Mono Debug|iPhoneSimulator.ActiveCfg = Debug|x86
		{949DD877-568A-4006-843D-04AB375463B4}.Mono Debug|Mixed Platforms.ActiveCfg = Debug|x86
		{949DD877-568A-4006-843D-04AB375463B4}.Mono Debug|Mixed Platforms.Build.0 = Debug|x86
		{949DD877-568A-4006-843D-04AB375463B4}.Mono Debug|x86.ActiveCfg = Debug|x86
		{949DD877-568A-4006-843D-04AB375463B4}.Mono Debug|x86.Build.0 = Debug|x86
		{949DD877-568A-4006-843D-04AB375463B4}.Mono Release|Any CPU.ActiveCfg = Release|x86
		{949DD877-568A-4006-843D-04AB375463B4}.Mono Release|ARM.ActiveCfg = Release|x86
		{949DD877-568A-4006-843D-04AB375463B4}.Mono Release|iPhone.ActiveCfg = Release|x86
		{949DD877-568A-4006-843D-04AB375463B4}.Mono Release|iPhoneSimulator.ActiveCfg = Release|x86
		{949DD877-568A-4006-843D-04AB375463B4}.Mono Release|Mixed Platforms.ActiveCfg = Release|x86
		{949DD877-568A-4006-843D-04AB375463B4}.Mono Release|Mixed Platforms.Build.0 = Release|x86
		{949DD877-568A-4006-843D-04AB375463B4}.Mono Release|x86.ActiveCfg = Release|x86
		{949DD877-568A-4006-843D-04AB375463B4}.Mono Release|x86.Build.0 = Release|x86
		{949DD877-568A-4006-843D-04AB375463B4}.Release|Any CPU.ActiveCfg = Release|x86
		{949DD877-568A-4006-843D-04AB375463B4}.Release|ARM.ActiveCfg = Release|x86
		{949DD877-568A-4006-843D-04AB375463B4}.Release|iPhone.ActiveCfg = Release|x86
		{949DD877-568A-4006-843D-04AB375463B4}.Release|iPhoneSimulator.ActiveCfg = Release|x86
		{949DD877-568A-4006-843D-04AB375463B4}.Release|Mixed Platforms.ActiveCfg = Release|x86
		{949DD877-568A-4006-843D-04AB375463B4}.Release|Mixed Platforms.Build.0 = Release|x86
		{949DD877-568A-4006-843D-04AB375463B4}.Release|x86.ActiveCfg = Release|x86
		{949DD877-568A-4006-843D-04AB375463B4}.Release|x86.Build.0 = Release|x86
		{DEA9870F-BE56-4C68-89F3-B2DCCAEABF6F}.Ad-Hoc|Any CPU.ActiveCfg = Release|Any CPU
		{DEA9870F-BE56-4C68-89F3-B2DCCAEABF6F}.Ad-Hoc|Any CPU.Build.0 = Release|Any CPU
		{DEA9870F-BE56-4C68-89F3-B2DCCAEABF6F}.Ad-Hoc|Any CPU.Deploy.0 = Release|Any CPU
		{DEA9870F-BE56-4C68-89F3-B2DCCAEABF6F}.Ad-Hoc|ARM.ActiveCfg = Debug|Any CPU
		{DEA9870F-BE56-4C68-89F3-B2DCCAEABF6F}.Ad-Hoc|iPhone.ActiveCfg = Release|Any CPU
		{DEA9870F-BE56-4C68-89F3-B2DCCAEABF6F}.Ad-Hoc|iPhoneSimulator.ActiveCfg = Release|Any CPU
		{DEA9870F-BE56-4C68-89F3-B2DCCAEABF6F}.Ad-Hoc|Mixed Platforms.ActiveCfg = Release|Any CPU
		{DEA9870F-BE56-4C68-89F3-B2DCCAEABF6F}.Ad-Hoc|Mixed Platforms.Build.0 = Release|Any CPU
		{DEA9870F-BE56-4C68-89F3-B2DCCAEABF6F}.Ad-Hoc|Mixed Platforms.Deploy.0 = Release|Any CPU
		{DEA9870F-BE56-4C68-89F3-B2DCCAEABF6F}.Ad-Hoc|x86.ActiveCfg = Release|Any CPU
		{DEA9870F-BE56-4C68-89F3-B2DCCAEABF6F}.AppStore|Any CPU.ActiveCfg = Release|Any CPU
		{DEA9870F-BE56-4C68-89F3-B2DCCAEABF6F}.AppStore|Any CPU.Build.0 = Release|Any CPU
		{DEA9870F-BE56-4C68-89F3-B2DCCAEABF6F}.AppStore|Any CPU.Deploy.0 = Release|Any CPU
		{DEA9870F-BE56-4C68-89F3-B2DCCAEABF6F}.AppStore|ARM.ActiveCfg = Debug|Any CPU
		{DEA9870F-BE56-4C68-89F3-B2DCCAEABF6F}.AppStore|iPhone.ActiveCfg = Release|Any CPU
		{DEA9870F-BE56-4C68-89F3-B2DCCAEABF6F}.AppStore|iPhoneSimulator.ActiveCfg = Release|Any CPU
		{DEA9870F-BE56-4C68-89F3-B2DCCAEABF6F}.AppStore|Mixed Platforms.ActiveCfg = Release|Any CPU
		{DEA9870F-BE56-4C68-89F3-B2DCCAEABF6F}.AppStore|Mixed Platforms.Build.0 = Release|Any CPU
		{DEA9870F-BE56-4C68-89F3-B2DCCAEABF6F}.AppStore|Mixed Platforms.Deploy.0 = Release|Any CPU
		{DEA9870F-BE56-4C68-89F3-B2DCCAEABF6F}.AppStore|x86.ActiveCfg = Release|Any CPU
		{DEA9870F-BE56-4C68-89F3-B2DCCAEABF6F}.Coverage|Any CPU.ActiveCfg = Release|Any CPU
		{DEA9870F-BE56-4C68-89F3-B2DCCAEABF6F}.Coverage|Any CPU.Build.0 = Release|Any CPU
		{DEA9870F-BE56-4C68-89F3-B2DCCAEABF6F}.Coverage|Any CPU.Deploy.0 = Release|Any CPU
		{DEA9870F-BE56-4C68-89F3-B2DCCAEABF6F}.Coverage|ARM.ActiveCfg = Debug|Any CPU
		{DEA9870F-BE56-4C68-89F3-B2DCCAEABF6F}.Coverage|iPhone.ActiveCfg = Release|Any CPU
		{DEA9870F-BE56-4C68-89F3-B2DCCAEABF6F}.Coverage|iPhoneSimulator.ActiveCfg = Release|Any CPU
		{DEA9870F-BE56-4C68-89F3-B2DCCAEABF6F}.Coverage|Mixed Platforms.ActiveCfg = Release|Any CPU
		{DEA9870F-BE56-4C68-89F3-B2DCCAEABF6F}.Coverage|Mixed Platforms.Build.0 = Release|Any CPU
		{DEA9870F-BE56-4C68-89F3-B2DCCAEABF6F}.Coverage|Mixed Platforms.Deploy.0 = Release|Any CPU
		{DEA9870F-BE56-4C68-89F3-B2DCCAEABF6F}.Coverage|x86.ActiveCfg = Release|Any CPU
		{DEA9870F-BE56-4C68-89F3-B2DCCAEABF6F}.Debug|Any CPU.ActiveCfg = Debug|Any CPU
		{DEA9870F-BE56-4C68-89F3-B2DCCAEABF6F}.Debug|Any CPU.Build.0 = Debug|Any CPU
		{DEA9870F-BE56-4C68-89F3-B2DCCAEABF6F}.Debug|Any CPU.Deploy.0 = Debug|Any CPU
		{DEA9870F-BE56-4C68-89F3-B2DCCAEABF6F}.Debug|ARM.ActiveCfg = Debug|Any CPU
		{DEA9870F-BE56-4C68-89F3-B2DCCAEABF6F}.Debug|iPhone.ActiveCfg = Debug|Any CPU
		{DEA9870F-BE56-4C68-89F3-B2DCCAEABF6F}.Debug|iPhoneSimulator.ActiveCfg = Debug|Any CPU
		{DEA9870F-BE56-4C68-89F3-B2DCCAEABF6F}.Debug|Mixed Platforms.ActiveCfg = Debug|Any CPU
		{DEA9870F-BE56-4C68-89F3-B2DCCAEABF6F}.Debug|Mixed Platforms.Build.0 = Debug|Any CPU
		{DEA9870F-BE56-4C68-89F3-B2DCCAEABF6F}.Debug|Mixed Platforms.Deploy.0 = Debug|Any CPU
		{DEA9870F-BE56-4C68-89F3-B2DCCAEABF6F}.Debug|x86.ActiveCfg = Debug|Any CPU
		{DEA9870F-BE56-4C68-89F3-B2DCCAEABF6F}.Mono Debug|Any CPU.ActiveCfg = Debug|Any CPU
		{DEA9870F-BE56-4C68-89F3-B2DCCAEABF6F}.Mono Debug|Any CPU.Build.0 = Debug|Any CPU
		{DEA9870F-BE56-4C68-89F3-B2DCCAEABF6F}.Mono Debug|Any CPU.Deploy.0 = Debug|Any CPU
		{DEA9870F-BE56-4C68-89F3-B2DCCAEABF6F}.Mono Debug|ARM.ActiveCfg = Debug|Any CPU
		{DEA9870F-BE56-4C68-89F3-B2DCCAEABF6F}.Mono Debug|iPhone.ActiveCfg = Debug|Any CPU
		{DEA9870F-BE56-4C68-89F3-B2DCCAEABF6F}.Mono Debug|iPhoneSimulator.ActiveCfg = Debug|Any CPU
		{DEA9870F-BE56-4C68-89F3-B2DCCAEABF6F}.Mono Debug|Mixed Platforms.ActiveCfg = Debug|Any CPU
		{DEA9870F-BE56-4C68-89F3-B2DCCAEABF6F}.Mono Debug|Mixed Platforms.Build.0 = Debug|Any CPU
		{DEA9870F-BE56-4C68-89F3-B2DCCAEABF6F}.Mono Debug|Mixed Platforms.Deploy.0 = Debug|Any CPU
		{DEA9870F-BE56-4C68-89F3-B2DCCAEABF6F}.Mono Debug|x86.ActiveCfg = Debug|Any CPU
		{DEA9870F-BE56-4C68-89F3-B2DCCAEABF6F}.Mono Release|Any CPU.ActiveCfg = Release|Any CPU
		{DEA9870F-BE56-4C68-89F3-B2DCCAEABF6F}.Mono Release|Any CPU.Build.0 = Release|Any CPU
		{DEA9870F-BE56-4C68-89F3-B2DCCAEABF6F}.Mono Release|Any CPU.Deploy.0 = Release|Any CPU
		{DEA9870F-BE56-4C68-89F3-B2DCCAEABF6F}.Mono Release|ARM.ActiveCfg = Release|Any CPU
		{DEA9870F-BE56-4C68-89F3-B2DCCAEABF6F}.Mono Release|iPhone.ActiveCfg = Release|Any CPU
		{DEA9870F-BE56-4C68-89F3-B2DCCAEABF6F}.Mono Release|iPhoneSimulator.ActiveCfg = Release|Any CPU
		{DEA9870F-BE56-4C68-89F3-B2DCCAEABF6F}.Mono Release|Mixed Platforms.ActiveCfg = Release|Any CPU
		{DEA9870F-BE56-4C68-89F3-B2DCCAEABF6F}.Mono Release|Mixed Platforms.Build.0 = Release|Any CPU
		{DEA9870F-BE56-4C68-89F3-B2DCCAEABF6F}.Mono Release|Mixed Platforms.Deploy.0 = Release|Any CPU
		{DEA9870F-BE56-4C68-89F3-B2DCCAEABF6F}.Mono Release|x86.ActiveCfg = Release|Any CPU
		{DEA9870F-BE56-4C68-89F3-B2DCCAEABF6F}.Release|Any CPU.ActiveCfg = Release|Any CPU
		{DEA9870F-BE56-4C68-89F3-B2DCCAEABF6F}.Release|Any CPU.Build.0 = Release|Any CPU
		{DEA9870F-BE56-4C68-89F3-B2DCCAEABF6F}.Release|Any CPU.Deploy.0 = Release|Any CPU
		{DEA9870F-BE56-4C68-89F3-B2DCCAEABF6F}.Release|ARM.ActiveCfg = Release|Any CPU
		{DEA9870F-BE56-4C68-89F3-B2DCCAEABF6F}.Release|iPhone.ActiveCfg = Release|Any CPU
		{DEA9870F-BE56-4C68-89F3-B2DCCAEABF6F}.Release|iPhoneSimulator.ActiveCfg = Release|Any CPU
		{DEA9870F-BE56-4C68-89F3-B2DCCAEABF6F}.Release|Mixed Platforms.ActiveCfg = Release|Any CPU
		{DEA9870F-BE56-4C68-89F3-B2DCCAEABF6F}.Release|Mixed Platforms.Build.0 = Release|Any CPU
		{DEA9870F-BE56-4C68-89F3-B2DCCAEABF6F}.Release|Mixed Platforms.Deploy.0 = Release|Any CPU
		{DEA9870F-BE56-4C68-89F3-B2DCCAEABF6F}.Release|x86.ActiveCfg = Release|Any CPU
		{8D1CAEE2-852E-4508-B5AB-39755E242A11}.Ad-Hoc|Any CPU.ActiveCfg = Release|Any CPU
		{8D1CAEE2-852E-4508-B5AB-39755E242A11}.Ad-Hoc|Any CPU.Build.0 = Release|Any CPU
		{8D1CAEE2-852E-4508-B5AB-39755E242A11}.Ad-Hoc|ARM.ActiveCfg = Debug|Any CPU
		{8D1CAEE2-852E-4508-B5AB-39755E242A11}.Ad-Hoc|iPhone.ActiveCfg = Release|Any CPU
		{8D1CAEE2-852E-4508-B5AB-39755E242A11}.Ad-Hoc|iPhoneSimulator.ActiveCfg = Release|Any CPU
		{8D1CAEE2-852E-4508-B5AB-39755E242A11}.Ad-Hoc|Mixed Platforms.ActiveCfg = Release|Any CPU
		{8D1CAEE2-852E-4508-B5AB-39755E242A11}.Ad-Hoc|Mixed Platforms.Build.0 = Release|Any CPU
		{8D1CAEE2-852E-4508-B5AB-39755E242A11}.Ad-Hoc|x86.ActiveCfg = Release|Any CPU
		{8D1CAEE2-852E-4508-B5AB-39755E242A11}.AppStore|Any CPU.ActiveCfg = Release|Any CPU
		{8D1CAEE2-852E-4508-B5AB-39755E242A11}.AppStore|Any CPU.Build.0 = Release|Any CPU
		{8D1CAEE2-852E-4508-B5AB-39755E242A11}.AppStore|ARM.ActiveCfg = Debug|Any CPU
		{8D1CAEE2-852E-4508-B5AB-39755E242A11}.AppStore|iPhone.ActiveCfg = Release|Any CPU
		{8D1CAEE2-852E-4508-B5AB-39755E242A11}.AppStore|iPhoneSimulator.ActiveCfg = Release|Any CPU
		{8D1CAEE2-852E-4508-B5AB-39755E242A11}.AppStore|Mixed Platforms.ActiveCfg = Release|Any CPU
		{8D1CAEE2-852E-4508-B5AB-39755E242A11}.AppStore|Mixed Platforms.Build.0 = Release|Any CPU
		{8D1CAEE2-852E-4508-B5AB-39755E242A11}.AppStore|x86.ActiveCfg = Release|Any CPU
		{8D1CAEE2-852E-4508-B5AB-39755E242A11}.Coverage|Any CPU.ActiveCfg = Release|Any CPU
		{8D1CAEE2-852E-4508-B5AB-39755E242A11}.Coverage|Any CPU.Build.0 = Release|Any CPU
		{8D1CAEE2-852E-4508-B5AB-39755E242A11}.Coverage|ARM.ActiveCfg = Debug|Any CPU
		{8D1CAEE2-852E-4508-B5AB-39755E242A11}.Coverage|iPhone.ActiveCfg = Release|Any CPU
		{8D1CAEE2-852E-4508-B5AB-39755E242A11}.Coverage|iPhoneSimulator.ActiveCfg = Release|Any CPU
		{8D1CAEE2-852E-4508-B5AB-39755E242A11}.Coverage|Mixed Platforms.ActiveCfg = Release|Any CPU
		{8D1CAEE2-852E-4508-B5AB-39755E242A11}.Coverage|Mixed Platforms.Build.0 = Release|Any CPU
		{8D1CAEE2-852E-4508-B5AB-39755E242A11}.Coverage|x86.ActiveCfg = Release|Any CPU
		{8D1CAEE2-852E-4508-B5AB-39755E242A11}.Debug|Any CPU.ActiveCfg = Debug|Any CPU
		{8D1CAEE2-852E-4508-B5AB-39755E242A11}.Debug|Any CPU.Build.0 = Debug|Any CPU
		{8D1CAEE2-852E-4508-B5AB-39755E242A11}.Debug|ARM.ActiveCfg = Debug|Any CPU
		{8D1CAEE2-852E-4508-B5AB-39755E242A11}.Debug|iPhone.ActiveCfg = Debug|Any CPU
		{8D1CAEE2-852E-4508-B5AB-39755E242A11}.Debug|iPhoneSimulator.ActiveCfg = Debug|Any CPU
		{8D1CAEE2-852E-4508-B5AB-39755E242A11}.Debug|Mixed Platforms.ActiveCfg = Debug|Any CPU
		{8D1CAEE2-852E-4508-B5AB-39755E242A11}.Debug|Mixed Platforms.Build.0 = Debug|Any CPU
		{8D1CAEE2-852E-4508-B5AB-39755E242A11}.Debug|x86.ActiveCfg = Debug|Any CPU
		{8D1CAEE2-852E-4508-B5AB-39755E242A11}.Mono Debug|Any CPU.ActiveCfg = Debug|Any CPU
		{8D1CAEE2-852E-4508-B5AB-39755E242A11}.Mono Debug|Any CPU.Build.0 = Debug|Any CPU
		{8D1CAEE2-852E-4508-B5AB-39755E242A11}.Mono Debug|ARM.ActiveCfg = Debug|Any CPU
		{8D1CAEE2-852E-4508-B5AB-39755E242A11}.Mono Debug|iPhone.ActiveCfg = Debug|Any CPU
		{8D1CAEE2-852E-4508-B5AB-39755E242A11}.Mono Debug|iPhoneSimulator.ActiveCfg = Debug|Any CPU
		{8D1CAEE2-852E-4508-B5AB-39755E242A11}.Mono Debug|Mixed Platforms.ActiveCfg = Debug|Any CPU
		{8D1CAEE2-852E-4508-B5AB-39755E242A11}.Mono Debug|Mixed Platforms.Build.0 = Debug|Any CPU
		{8D1CAEE2-852E-4508-B5AB-39755E242A11}.Mono Debug|x86.ActiveCfg = Debug|Any CPU
		{8D1CAEE2-852E-4508-B5AB-39755E242A11}.Mono Release|Any CPU.ActiveCfg = Release|Any CPU
		{8D1CAEE2-852E-4508-B5AB-39755E242A11}.Mono Release|Any CPU.Build.0 = Release|Any CPU
		{8D1CAEE2-852E-4508-B5AB-39755E242A11}.Mono Release|ARM.ActiveCfg = Release|Any CPU
		{8D1CAEE2-852E-4508-B5AB-39755E242A11}.Mono Release|iPhone.ActiveCfg = Release|Any CPU
		{8D1CAEE2-852E-4508-B5AB-39755E242A11}.Mono Release|iPhoneSimulator.ActiveCfg = Release|Any CPU
		{8D1CAEE2-852E-4508-B5AB-39755E242A11}.Mono Release|Mixed Platforms.ActiveCfg = Release|Any CPU
		{8D1CAEE2-852E-4508-B5AB-39755E242A11}.Mono Release|Mixed Platforms.Build.0 = Release|Any CPU
		{8D1CAEE2-852E-4508-B5AB-39755E242A11}.Mono Release|x86.ActiveCfg = Release|Any CPU
		{8D1CAEE2-852E-4508-B5AB-39755E242A11}.Release|Any CPU.ActiveCfg = Release|Any CPU
		{8D1CAEE2-852E-4508-B5AB-39755E242A11}.Release|Any CPU.Build.0 = Release|Any CPU
		{8D1CAEE2-852E-4508-B5AB-39755E242A11}.Release|ARM.ActiveCfg = Release|Any CPU
		{8D1CAEE2-852E-4508-B5AB-39755E242A11}.Release|iPhone.ActiveCfg = Release|Any CPU
		{8D1CAEE2-852E-4508-B5AB-39755E242A11}.Release|iPhoneSimulator.ActiveCfg = Release|Any CPU
		{8D1CAEE2-852E-4508-B5AB-39755E242A11}.Release|Mixed Platforms.ActiveCfg = Release|Any CPU
		{8D1CAEE2-852E-4508-B5AB-39755E242A11}.Release|Mixed Platforms.Build.0 = Release|Any CPU
		{8D1CAEE2-852E-4508-B5AB-39755E242A11}.Release|x86.ActiveCfg = Release|Any CPU
		{69E45807-5C47-415A-8D7E-E191398B2CF9}.Ad-Hoc|Any CPU.ActiveCfg = Ad-Hoc|iPhone
		{69E45807-5C47-415A-8D7E-E191398B2CF9}.Ad-Hoc|ARM.ActiveCfg = Ad-Hoc|iPhoneSimulator
		{69E45807-5C47-415A-8D7E-E191398B2CF9}.Ad-Hoc|iPhone.ActiveCfg = Ad-Hoc|iPhone
		{69E45807-5C47-415A-8D7E-E191398B2CF9}.Ad-Hoc|iPhone.Build.0 = Ad-Hoc|iPhone
		{69E45807-5C47-415A-8D7E-E191398B2CF9}.Ad-Hoc|iPhone.Deploy.0 = Ad-Hoc|iPhone
		{69E45807-5C47-415A-8D7E-E191398B2CF9}.Ad-Hoc|iPhoneSimulator.ActiveCfg = Ad-Hoc|iPhoneSimulator
		{69E45807-5C47-415A-8D7E-E191398B2CF9}.Ad-Hoc|iPhoneSimulator.Build.0 = Ad-Hoc|iPhoneSimulator
		{69E45807-5C47-415A-8D7E-E191398B2CF9}.Ad-Hoc|iPhoneSimulator.Deploy.0 = Ad-Hoc|iPhoneSimulator
		{69E45807-5C47-415A-8D7E-E191398B2CF9}.Ad-Hoc|Mixed Platforms.ActiveCfg = Ad-Hoc|iPhone
		{69E45807-5C47-415A-8D7E-E191398B2CF9}.Ad-Hoc|Mixed Platforms.Build.0 = Ad-Hoc|iPhone
		{69E45807-5C47-415A-8D7E-E191398B2CF9}.Ad-Hoc|Mixed Platforms.Deploy.0 = Ad-Hoc|iPhone
		{69E45807-5C47-415A-8D7E-E191398B2CF9}.Ad-Hoc|x86.ActiveCfg = Ad-Hoc|iPhone
		{69E45807-5C47-415A-8D7E-E191398B2CF9}.AppStore|Any CPU.ActiveCfg = AppStore|iPhone
		{69E45807-5C47-415A-8D7E-E191398B2CF9}.AppStore|ARM.ActiveCfg = AppStore|iPhoneSimulator
		{69E45807-5C47-415A-8D7E-E191398B2CF9}.AppStore|iPhone.ActiveCfg = AppStore|iPhone
		{69E45807-5C47-415A-8D7E-E191398B2CF9}.AppStore|iPhone.Build.0 = AppStore|iPhone
		{69E45807-5C47-415A-8D7E-E191398B2CF9}.AppStore|iPhone.Deploy.0 = AppStore|iPhone
		{69E45807-5C47-415A-8D7E-E191398B2CF9}.AppStore|iPhoneSimulator.ActiveCfg = AppStore|iPhoneSimulator
		{69E45807-5C47-415A-8D7E-E191398B2CF9}.AppStore|iPhoneSimulator.Build.0 = AppStore|iPhoneSimulator
		{69E45807-5C47-415A-8D7E-E191398B2CF9}.AppStore|iPhoneSimulator.Deploy.0 = AppStore|iPhoneSimulator
		{69E45807-5C47-415A-8D7E-E191398B2CF9}.AppStore|Mixed Platforms.ActiveCfg = AppStore|iPhone
		{69E45807-5C47-415A-8D7E-E191398B2CF9}.AppStore|Mixed Platforms.Build.0 = AppStore|iPhone
		{69E45807-5C47-415A-8D7E-E191398B2CF9}.AppStore|Mixed Platforms.Deploy.0 = AppStore|iPhone
		{69E45807-5C47-415A-8D7E-E191398B2CF9}.AppStore|x86.ActiveCfg = AppStore|iPhone
		{69E45807-5C47-415A-8D7E-E191398B2CF9}.Coverage|Any CPU.ActiveCfg = AppStore|iPhone
		{69E45807-5C47-415A-8D7E-E191398B2CF9}.Coverage|ARM.ActiveCfg = Release|iPhoneSimulator
		{69E45807-5C47-415A-8D7E-E191398B2CF9}.Coverage|iPhone.ActiveCfg = AppStore|iPhone
		{69E45807-5C47-415A-8D7E-E191398B2CF9}.Coverage|iPhone.Build.0 = AppStore|iPhone
		{69E45807-5C47-415A-8D7E-E191398B2CF9}.Coverage|iPhone.Deploy.0 = AppStore|iPhone
		{69E45807-5C47-415A-8D7E-E191398B2CF9}.Coverage|iPhoneSimulator.ActiveCfg = AppStore|iPhoneSimulator
		{69E45807-5C47-415A-8D7E-E191398B2CF9}.Coverage|iPhoneSimulator.Build.0 = AppStore|iPhoneSimulator
		{69E45807-5C47-415A-8D7E-E191398B2CF9}.Coverage|iPhoneSimulator.Deploy.0 = AppStore|iPhoneSimulator
		{69E45807-5C47-415A-8D7E-E191398B2CF9}.Coverage|Mixed Platforms.ActiveCfg = AppStore|iPhone
		{69E45807-5C47-415A-8D7E-E191398B2CF9}.Coverage|Mixed Platforms.Build.0 = AppStore|iPhone
		{69E45807-5C47-415A-8D7E-E191398B2CF9}.Coverage|Mixed Platforms.Deploy.0 = AppStore|iPhone
		{69E45807-5C47-415A-8D7E-E191398B2CF9}.Coverage|x86.ActiveCfg = AppStore|iPhone
		{69E45807-5C47-415A-8D7E-E191398B2CF9}.Debug|Any CPU.ActiveCfg = Debug|iPhone
		{69E45807-5C47-415A-8D7E-E191398B2CF9}.Debug|ARM.ActiveCfg = Debug|iPhoneSimulator
		{69E45807-5C47-415A-8D7E-E191398B2CF9}.Debug|iPhone.ActiveCfg = Debug|iPhone
		{69E45807-5C47-415A-8D7E-E191398B2CF9}.Debug|iPhone.Build.0 = Debug|iPhone
		{69E45807-5C47-415A-8D7E-E191398B2CF9}.Debug|iPhone.Deploy.0 = Debug|iPhone
		{69E45807-5C47-415A-8D7E-E191398B2CF9}.Debug|iPhoneSimulator.ActiveCfg = Debug|iPhoneSimulator
		{69E45807-5C47-415A-8D7E-E191398B2CF9}.Debug|iPhoneSimulator.Build.0 = Debug|iPhoneSimulator
		{69E45807-5C47-415A-8D7E-E191398B2CF9}.Debug|iPhoneSimulator.Deploy.0 = Debug|iPhoneSimulator
		{69E45807-5C47-415A-8D7E-E191398B2CF9}.Debug|Mixed Platforms.ActiveCfg = Debug|iPhone
		{69E45807-5C47-415A-8D7E-E191398B2CF9}.Debug|Mixed Platforms.Build.0 = Debug|iPhone
		{69E45807-5C47-415A-8D7E-E191398B2CF9}.Debug|Mixed Platforms.Deploy.0 = Debug|iPhone
		{69E45807-5C47-415A-8D7E-E191398B2CF9}.Debug|x86.ActiveCfg = Debug|iPhone
		{69E45807-5C47-415A-8D7E-E191398B2CF9}.Mono Debug|Any CPU.ActiveCfg = Debug|iPhone
		{69E45807-5C47-415A-8D7E-E191398B2CF9}.Mono Debug|ARM.ActiveCfg = Debug|iPhoneSimulator
		{69E45807-5C47-415A-8D7E-E191398B2CF9}.Mono Debug|iPhone.ActiveCfg = Debug|iPhone
		{69E45807-5C47-415A-8D7E-E191398B2CF9}.Mono Debug|iPhone.Build.0 = Debug|iPhone
		{69E45807-5C47-415A-8D7E-E191398B2CF9}.Mono Debug|iPhone.Deploy.0 = Debug|iPhone
		{69E45807-5C47-415A-8D7E-E191398B2CF9}.Mono Debug|iPhoneSimulator.ActiveCfg = Debug|iPhoneSimulator
		{69E45807-5C47-415A-8D7E-E191398B2CF9}.Mono Debug|iPhoneSimulator.Build.0 = Debug|iPhoneSimulator
		{69E45807-5C47-415A-8D7E-E191398B2CF9}.Mono Debug|iPhoneSimulator.Deploy.0 = Debug|iPhoneSimulator
		{69E45807-5C47-415A-8D7E-E191398B2CF9}.Mono Debug|Mixed Platforms.ActiveCfg = Debug|iPhone
		{69E45807-5C47-415A-8D7E-E191398B2CF9}.Mono Debug|Mixed Platforms.Build.0 = Debug|iPhone
		{69E45807-5C47-415A-8D7E-E191398B2CF9}.Mono Debug|Mixed Platforms.Deploy.0 = Debug|iPhone
		{69E45807-5C47-415A-8D7E-E191398B2CF9}.Mono Debug|x86.ActiveCfg = Debug|iPhone
		{69E45807-5C47-415A-8D7E-E191398B2CF9}.Mono Release|Any CPU.ActiveCfg = Release|iPhone
		{69E45807-5C47-415A-8D7E-E191398B2CF9}.Mono Release|ARM.ActiveCfg = Release|iPhoneSimulator
		{69E45807-5C47-415A-8D7E-E191398B2CF9}.Mono Release|iPhone.ActiveCfg = Release|iPhone
		{69E45807-5C47-415A-8D7E-E191398B2CF9}.Mono Release|iPhone.Build.0 = Release|iPhone
		{69E45807-5C47-415A-8D7E-E191398B2CF9}.Mono Release|iPhone.Deploy.0 = Release|iPhone
		{69E45807-5C47-415A-8D7E-E191398B2CF9}.Mono Release|iPhoneSimulator.ActiveCfg = Release|iPhoneSimulator
		{69E45807-5C47-415A-8D7E-E191398B2CF9}.Mono Release|iPhoneSimulator.Build.0 = Release|iPhoneSimulator
		{69E45807-5C47-415A-8D7E-E191398B2CF9}.Mono Release|iPhoneSimulator.Deploy.0 = Release|iPhoneSimulator
		{69E45807-5C47-415A-8D7E-E191398B2CF9}.Mono Release|Mixed Platforms.ActiveCfg = Release|iPhone
		{69E45807-5C47-415A-8D7E-E191398B2CF9}.Mono Release|Mixed Platforms.Build.0 = Release|iPhone
		{69E45807-5C47-415A-8D7E-E191398B2CF9}.Mono Release|Mixed Platforms.Deploy.0 = Release|iPhone
		{69E45807-5C47-415A-8D7E-E191398B2CF9}.Mono Release|x86.ActiveCfg = Release|iPhone
		{69E45807-5C47-415A-8D7E-E191398B2CF9}.Release|Any CPU.ActiveCfg = Release|iPhone
		{69E45807-5C47-415A-8D7E-E191398B2CF9}.Release|ARM.ActiveCfg = Release|iPhoneSimulator
		{69E45807-5C47-415A-8D7E-E191398B2CF9}.Release|iPhone.ActiveCfg = Release|iPhone
		{69E45807-5C47-415A-8D7E-E191398B2CF9}.Release|iPhone.Build.0 = Release|iPhone
		{69E45807-5C47-415A-8D7E-E191398B2CF9}.Release|iPhone.Deploy.0 = Release|iPhone
		{69E45807-5C47-415A-8D7E-E191398B2CF9}.Release|iPhoneSimulator.ActiveCfg = Release|iPhoneSimulator
		{69E45807-5C47-415A-8D7E-E191398B2CF9}.Release|iPhoneSimulator.Build.0 = Release|iPhoneSimulator
		{69E45807-5C47-415A-8D7E-E191398B2CF9}.Release|iPhoneSimulator.Deploy.0 = Release|iPhoneSimulator
		{69E45807-5C47-415A-8D7E-E191398B2CF9}.Release|Mixed Platforms.ActiveCfg = Release|iPhone
		{69E45807-5C47-415A-8D7E-E191398B2CF9}.Release|Mixed Platforms.Build.0 = Release|iPhone
		{69E45807-5C47-415A-8D7E-E191398B2CF9}.Release|Mixed Platforms.Deploy.0 = Release|iPhone
		{69E45807-5C47-415A-8D7E-E191398B2CF9}.Release|x86.ActiveCfg = Release|iPhone
		{CD2642DB-5C69-4855-B2C0-2E138A2ED849}.Ad-Hoc|Any CPU.ActiveCfg = Release|Any CPU
		{CD2642DB-5C69-4855-B2C0-2E138A2ED849}.Ad-Hoc|Any CPU.Build.0 = Release|Any CPU
		{CD2642DB-5C69-4855-B2C0-2E138A2ED849}.Ad-Hoc|ARM.ActiveCfg = Debug|Any CPU
		{CD2642DB-5C69-4855-B2C0-2E138A2ED849}.Ad-Hoc|iPhone.ActiveCfg = Release|Any CPU
		{CD2642DB-5C69-4855-B2C0-2E138A2ED849}.Ad-Hoc|iPhoneSimulator.ActiveCfg = Release|Any CPU
		{CD2642DB-5C69-4855-B2C0-2E138A2ED849}.Ad-Hoc|Mixed Platforms.ActiveCfg = Release|Any CPU
		{CD2642DB-5C69-4855-B2C0-2E138A2ED849}.Ad-Hoc|Mixed Platforms.Build.0 = Release|Any CPU
		{CD2642DB-5C69-4855-B2C0-2E138A2ED849}.Ad-Hoc|x86.ActiveCfg = Release|Any CPU
		{CD2642DB-5C69-4855-B2C0-2E138A2ED849}.AppStore|Any CPU.ActiveCfg = Release|Any CPU
		{CD2642DB-5C69-4855-B2C0-2E138A2ED849}.AppStore|Any CPU.Build.0 = Release|Any CPU
		{CD2642DB-5C69-4855-B2C0-2E138A2ED849}.AppStore|ARM.ActiveCfg = Debug|Any CPU
		{CD2642DB-5C69-4855-B2C0-2E138A2ED849}.AppStore|iPhone.ActiveCfg = Release|Any CPU
		{CD2642DB-5C69-4855-B2C0-2E138A2ED849}.AppStore|iPhoneSimulator.ActiveCfg = Release|Any CPU
		{CD2642DB-5C69-4855-B2C0-2E138A2ED849}.AppStore|Mixed Platforms.ActiveCfg = Release|Any CPU
		{CD2642DB-5C69-4855-B2C0-2E138A2ED849}.AppStore|Mixed Platforms.Build.0 = Release|Any CPU
		{CD2642DB-5C69-4855-B2C0-2E138A2ED849}.AppStore|x86.ActiveCfg = Release|Any CPU
		{CD2642DB-5C69-4855-B2C0-2E138A2ED849}.Coverage|Any CPU.ActiveCfg = Release|Any CPU
		{CD2642DB-5C69-4855-B2C0-2E138A2ED849}.Coverage|Any CPU.Build.0 = Release|Any CPU
		{CD2642DB-5C69-4855-B2C0-2E138A2ED849}.Coverage|ARM.ActiveCfg = Debug|Any CPU
		{CD2642DB-5C69-4855-B2C0-2E138A2ED849}.Coverage|iPhone.ActiveCfg = Release|Any CPU
		{CD2642DB-5C69-4855-B2C0-2E138A2ED849}.Coverage|iPhoneSimulator.ActiveCfg = Release|Any CPU
		{CD2642DB-5C69-4855-B2C0-2E138A2ED849}.Coverage|Mixed Platforms.ActiveCfg = Release|Any CPU
		{CD2642DB-5C69-4855-B2C0-2E138A2ED849}.Coverage|Mixed Platforms.Build.0 = Release|Any CPU
		{CD2642DB-5C69-4855-B2C0-2E138A2ED849}.Coverage|x86.ActiveCfg = Release|Any CPU
		{CD2642DB-5C69-4855-B2C0-2E138A2ED849}.Debug|Any CPU.ActiveCfg = Debug|Any CPU
		{CD2642DB-5C69-4855-B2C0-2E138A2ED849}.Debug|Any CPU.Build.0 = Debug|Any CPU
		{CD2642DB-5C69-4855-B2C0-2E138A2ED849}.Debug|ARM.ActiveCfg = Debug|Any CPU
		{CD2642DB-5C69-4855-B2C0-2E138A2ED849}.Debug|iPhone.ActiveCfg = Debug|Any CPU
		{CD2642DB-5C69-4855-B2C0-2E138A2ED849}.Debug|iPhoneSimulator.ActiveCfg = Debug|Any CPU
		{CD2642DB-5C69-4855-B2C0-2E138A2ED849}.Debug|Mixed Platforms.ActiveCfg = Debug|Any CPU
		{CD2642DB-5C69-4855-B2C0-2E138A2ED849}.Debug|Mixed Platforms.Build.0 = Debug|Any CPU
		{CD2642DB-5C69-4855-B2C0-2E138A2ED849}.Debug|x86.ActiveCfg = Debug|Any CPU
		{CD2642DB-5C69-4855-B2C0-2E138A2ED849}.Mono Debug|Any CPU.ActiveCfg = Debug|Any CPU
		{CD2642DB-5C69-4855-B2C0-2E138A2ED849}.Mono Debug|Any CPU.Build.0 = Debug|Any CPU
		{CD2642DB-5C69-4855-B2C0-2E138A2ED849}.Mono Debug|ARM.ActiveCfg = Debug|Any CPU
		{CD2642DB-5C69-4855-B2C0-2E138A2ED849}.Mono Debug|iPhone.ActiveCfg = Debug|Any CPU
		{CD2642DB-5C69-4855-B2C0-2E138A2ED849}.Mono Debug|iPhoneSimulator.ActiveCfg = Debug|Any CPU
		{CD2642DB-5C69-4855-B2C0-2E138A2ED849}.Mono Debug|Mixed Platforms.ActiveCfg = Debug|Any CPU
		{CD2642DB-5C69-4855-B2C0-2E138A2ED849}.Mono Debug|Mixed Platforms.Build.0 = Debug|Any CPU
		{CD2642DB-5C69-4855-B2C0-2E138A2ED849}.Mono Debug|x86.ActiveCfg = Debug|Any CPU
		{CD2642DB-5C69-4855-B2C0-2E138A2ED849}.Mono Release|Any CPU.ActiveCfg = Release|Any CPU
		{CD2642DB-5C69-4855-B2C0-2E138A2ED849}.Mono Release|Any CPU.Build.0 = Release|Any CPU
		{CD2642DB-5C69-4855-B2C0-2E138A2ED849}.Mono Release|ARM.ActiveCfg = Release|Any CPU
		{CD2642DB-5C69-4855-B2C0-2E138A2ED849}.Mono Release|iPhone.ActiveCfg = Release|Any CPU
		{CD2642DB-5C69-4855-B2C0-2E138A2ED849}.Mono Release|iPhoneSimulator.ActiveCfg = Release|Any CPU
		{CD2642DB-5C69-4855-B2C0-2E138A2ED849}.Mono Release|Mixed Platforms.ActiveCfg = Release|Any CPU
		{CD2642DB-5C69-4855-B2C0-2E138A2ED849}.Mono Release|Mixed Platforms.Build.0 = Release|Any CPU
		{CD2642DB-5C69-4855-B2C0-2E138A2ED849}.Mono Release|x86.ActiveCfg = Release|Any CPU
		{CD2642DB-5C69-4855-B2C0-2E138A2ED849}.Release|Any CPU.ActiveCfg = Release|Any CPU
		{CD2642DB-5C69-4855-B2C0-2E138A2ED849}.Release|Any CPU.Build.0 = Release|Any CPU
		{CD2642DB-5C69-4855-B2C0-2E138A2ED849}.Release|ARM.ActiveCfg = Release|Any CPU
		{CD2642DB-5C69-4855-B2C0-2E138A2ED849}.Release|iPhone.ActiveCfg = Release|Any CPU
		{CD2642DB-5C69-4855-B2C0-2E138A2ED849}.Release|iPhoneSimulator.ActiveCfg = Release|Any CPU
		{CD2642DB-5C69-4855-B2C0-2E138A2ED849}.Release|Mixed Platforms.ActiveCfg = Release|Any CPU
		{CD2642DB-5C69-4855-B2C0-2E138A2ED849}.Release|Mixed Platforms.Build.0 = Release|Any CPU
		{CD2642DB-5C69-4855-B2C0-2E138A2ED849}.Release|x86.ActiveCfg = Release|Any CPU
		{2DA69210-55DB-489D-A3C1-02479BCB60CC}.Ad-Hoc|Any CPU.ActiveCfg = Release|Any CPU
		{2DA69210-55DB-489D-A3C1-02479BCB60CC}.Ad-Hoc|Any CPU.Build.0 = Release|Any CPU
		{2DA69210-55DB-489D-A3C1-02479BCB60CC}.Ad-Hoc|ARM.ActiveCfg = Debug|Any CPU
		{2DA69210-55DB-489D-A3C1-02479BCB60CC}.Ad-Hoc|iPhone.ActiveCfg = Release|Any CPU
		{2DA69210-55DB-489D-A3C1-02479BCB60CC}.Ad-Hoc|iPhoneSimulator.ActiveCfg = Release|Any CPU
		{2DA69210-55DB-489D-A3C1-02479BCB60CC}.Ad-Hoc|Mixed Platforms.ActiveCfg = Release|Any CPU
		{2DA69210-55DB-489D-A3C1-02479BCB60CC}.Ad-Hoc|Mixed Platforms.Build.0 = Release|Any CPU
		{2DA69210-55DB-489D-A3C1-02479BCB60CC}.Ad-Hoc|x86.ActiveCfg = Release|Any CPU
		{2DA69210-55DB-489D-A3C1-02479BCB60CC}.AppStore|Any CPU.ActiveCfg = Release|Any CPU
		{2DA69210-55DB-489D-A3C1-02479BCB60CC}.AppStore|Any CPU.Build.0 = Release|Any CPU
		{2DA69210-55DB-489D-A3C1-02479BCB60CC}.AppStore|ARM.ActiveCfg = Debug|Any CPU
		{2DA69210-55DB-489D-A3C1-02479BCB60CC}.AppStore|iPhone.ActiveCfg = Release|Any CPU
		{2DA69210-55DB-489D-A3C1-02479BCB60CC}.AppStore|iPhoneSimulator.ActiveCfg = Release|Any CPU
		{2DA69210-55DB-489D-A3C1-02479BCB60CC}.AppStore|Mixed Platforms.ActiveCfg = Release|Any CPU
		{2DA69210-55DB-489D-A3C1-02479BCB60CC}.AppStore|Mixed Platforms.Build.0 = Release|Any CPU
		{2DA69210-55DB-489D-A3C1-02479BCB60CC}.AppStore|x86.ActiveCfg = Release|Any CPU
		{2DA69210-55DB-489D-A3C1-02479BCB60CC}.Coverage|Any CPU.ActiveCfg = Release|Any CPU
		{2DA69210-55DB-489D-A3C1-02479BCB60CC}.Coverage|Any CPU.Build.0 = Release|Any CPU
		{2DA69210-55DB-489D-A3C1-02479BCB60CC}.Coverage|ARM.ActiveCfg = Debug|Any CPU
		{2DA69210-55DB-489D-A3C1-02479BCB60CC}.Coverage|iPhone.ActiveCfg = Release|Any CPU
		{2DA69210-55DB-489D-A3C1-02479BCB60CC}.Coverage|iPhoneSimulator.ActiveCfg = Release|Any CPU
		{2DA69210-55DB-489D-A3C1-02479BCB60CC}.Coverage|Mixed Platforms.ActiveCfg = Release|Any CPU
		{2DA69210-55DB-489D-A3C1-02479BCB60CC}.Coverage|Mixed Platforms.Build.0 = Release|Any CPU
		{2DA69210-55DB-489D-A3C1-02479BCB60CC}.Coverage|x86.ActiveCfg = Release|Any CPU
		{2DA69210-55DB-489D-A3C1-02479BCB60CC}.Debug|Any CPU.ActiveCfg = Debug|Any CPU
		{2DA69210-55DB-489D-A3C1-02479BCB60CC}.Debug|Any CPU.Build.0 = Debug|Any CPU
		{2DA69210-55DB-489D-A3C1-02479BCB60CC}.Debug|ARM.ActiveCfg = Debug|Any CPU
		{2DA69210-55DB-489D-A3C1-02479BCB60CC}.Debug|iPhone.ActiveCfg = Debug|Any CPU
		{2DA69210-55DB-489D-A3C1-02479BCB60CC}.Debug|iPhoneSimulator.ActiveCfg = Debug|Any CPU
		{2DA69210-55DB-489D-A3C1-02479BCB60CC}.Debug|Mixed Platforms.ActiveCfg = Debug|Any CPU
		{2DA69210-55DB-489D-A3C1-02479BCB60CC}.Debug|Mixed Platforms.Build.0 = Debug|Any CPU
		{2DA69210-55DB-489D-A3C1-02479BCB60CC}.Debug|x86.ActiveCfg = Debug|Any CPU
		{2DA69210-55DB-489D-A3C1-02479BCB60CC}.Mono Debug|Any CPU.ActiveCfg = Debug|Any CPU
		{2DA69210-55DB-489D-A3C1-02479BCB60CC}.Mono Debug|Any CPU.Build.0 = Debug|Any CPU
		{2DA69210-55DB-489D-A3C1-02479BCB60CC}.Mono Debug|ARM.ActiveCfg = Debug|Any CPU
		{2DA69210-55DB-489D-A3C1-02479BCB60CC}.Mono Debug|iPhone.ActiveCfg = Debug|Any CPU
		{2DA69210-55DB-489D-A3C1-02479BCB60CC}.Mono Debug|iPhoneSimulator.ActiveCfg = Debug|Any CPU
		{2DA69210-55DB-489D-A3C1-02479BCB60CC}.Mono Debug|Mixed Platforms.ActiveCfg = Debug|Any CPU
		{2DA69210-55DB-489D-A3C1-02479BCB60CC}.Mono Debug|Mixed Platforms.Build.0 = Debug|Any CPU
		{2DA69210-55DB-489D-A3C1-02479BCB60CC}.Mono Debug|x86.ActiveCfg = Debug|Any CPU
		{2DA69210-55DB-489D-A3C1-02479BCB60CC}.Mono Release|Any CPU.ActiveCfg = Release|Any CPU
		{2DA69210-55DB-489D-A3C1-02479BCB60CC}.Mono Release|Any CPU.Build.0 = Release|Any CPU
		{2DA69210-55DB-489D-A3C1-02479BCB60CC}.Mono Release|ARM.ActiveCfg = Release|Any CPU
		{2DA69210-55DB-489D-A3C1-02479BCB60CC}.Mono Release|iPhone.ActiveCfg = Release|Any CPU
		{2DA69210-55DB-489D-A3C1-02479BCB60CC}.Mono Release|iPhoneSimulator.ActiveCfg = Release|Any CPU
		{2DA69210-55DB-489D-A3C1-02479BCB60CC}.Mono Release|Mixed Platforms.ActiveCfg = Release|Any CPU
		{2DA69210-55DB-489D-A3C1-02479BCB60CC}.Mono Release|Mixed Platforms.Build.0 = Release|Any CPU
		{2DA69210-55DB-489D-A3C1-02479BCB60CC}.Mono Release|x86.ActiveCfg = Release|Any CPU
		{2DA69210-55DB-489D-A3C1-02479BCB60CC}.Release|Any CPU.ActiveCfg = Release|Any CPU
		{2DA69210-55DB-489D-A3C1-02479BCB60CC}.Release|Any CPU.Build.0 = Release|Any CPU
		{2DA69210-55DB-489D-A3C1-02479BCB60CC}.Release|ARM.ActiveCfg = Release|Any CPU
		{2DA69210-55DB-489D-A3C1-02479BCB60CC}.Release|iPhone.ActiveCfg = Release|Any CPU
		{2DA69210-55DB-489D-A3C1-02479BCB60CC}.Release|iPhoneSimulator.ActiveCfg = Release|Any CPU
		{2DA69210-55DB-489D-A3C1-02479BCB60CC}.Release|Mixed Platforms.ActiveCfg = Release|Any CPU
		{2DA69210-55DB-489D-A3C1-02479BCB60CC}.Release|Mixed Platforms.Build.0 = Release|Any CPU
		{2DA69210-55DB-489D-A3C1-02479BCB60CC}.Release|x86.ActiveCfg = Release|Any CPU
		{BCD9B97A-C6C0-4DDB-98D0-30C14491C17A}.Ad-Hoc|Any CPU.ActiveCfg = Release|Any CPU
		{BCD9B97A-C6C0-4DDB-98D0-30C14491C17A}.Ad-Hoc|Any CPU.Build.0 = Release|Any CPU
		{BCD9B97A-C6C0-4DDB-98D0-30C14491C17A}.Ad-Hoc|ARM.ActiveCfg = Debug|Any CPU
		{BCD9B97A-C6C0-4DDB-98D0-30C14491C17A}.Ad-Hoc|iPhone.ActiveCfg = Release|Any CPU
		{BCD9B97A-C6C0-4DDB-98D0-30C14491C17A}.Ad-Hoc|iPhoneSimulator.ActiveCfg = Release|Any CPU
		{BCD9B97A-C6C0-4DDB-98D0-30C14491C17A}.Ad-Hoc|Mixed Platforms.ActiveCfg = Release|Any CPU
		{BCD9B97A-C6C0-4DDB-98D0-30C14491C17A}.Ad-Hoc|Mixed Platforms.Build.0 = Release|Any CPU
		{BCD9B97A-C6C0-4DDB-98D0-30C14491C17A}.Ad-Hoc|x86.ActiveCfg = Release|Any CPU
		{BCD9B97A-C6C0-4DDB-98D0-30C14491C17A}.AppStore|Any CPU.ActiveCfg = Release|Any CPU
		{BCD9B97A-C6C0-4DDB-98D0-30C14491C17A}.AppStore|Any CPU.Build.0 = Release|Any CPU
		{BCD9B97A-C6C0-4DDB-98D0-30C14491C17A}.AppStore|ARM.ActiveCfg = Debug|Any CPU
		{BCD9B97A-C6C0-4DDB-98D0-30C14491C17A}.AppStore|iPhone.ActiveCfg = Release|Any CPU
		{BCD9B97A-C6C0-4DDB-98D0-30C14491C17A}.AppStore|iPhoneSimulator.ActiveCfg = Release|Any CPU
		{BCD9B97A-C6C0-4DDB-98D0-30C14491C17A}.AppStore|Mixed Platforms.ActiveCfg = Release|Any CPU
		{BCD9B97A-C6C0-4DDB-98D0-30C14491C17A}.AppStore|Mixed Platforms.Build.0 = Release|Any CPU
		{BCD9B97A-C6C0-4DDB-98D0-30C14491C17A}.AppStore|x86.ActiveCfg = Release|Any CPU
		{BCD9B97A-C6C0-4DDB-98D0-30C14491C17A}.Coverage|Any CPU.ActiveCfg = Release|Any CPU
		{BCD9B97A-C6C0-4DDB-98D0-30C14491C17A}.Coverage|Any CPU.Build.0 = Release|Any CPU
		{BCD9B97A-C6C0-4DDB-98D0-30C14491C17A}.Coverage|ARM.ActiveCfg = Debug|Any CPU
		{BCD9B97A-C6C0-4DDB-98D0-30C14491C17A}.Coverage|iPhone.ActiveCfg = Release|Any CPU
		{BCD9B97A-C6C0-4DDB-98D0-30C14491C17A}.Coverage|iPhoneSimulator.ActiveCfg = Release|Any CPU
		{BCD9B97A-C6C0-4DDB-98D0-30C14491C17A}.Coverage|Mixed Platforms.ActiveCfg = Release|Any CPU
		{BCD9B97A-C6C0-4DDB-98D0-30C14491C17A}.Coverage|Mixed Platforms.Build.0 = Release|Any CPU
		{BCD9B97A-C6C0-4DDB-98D0-30C14491C17A}.Coverage|x86.ActiveCfg = Release|Any CPU
		{BCD9B97A-C6C0-4DDB-98D0-30C14491C17A}.Debug|Any CPU.ActiveCfg = Debug|Any CPU
		{BCD9B97A-C6C0-4DDB-98D0-30C14491C17A}.Debug|Any CPU.Build.0 = Debug|Any CPU
		{BCD9B97A-C6C0-4DDB-98D0-30C14491C17A}.Debug|ARM.ActiveCfg = Debug|Any CPU
		{BCD9B97A-C6C0-4DDB-98D0-30C14491C17A}.Debug|iPhone.ActiveCfg = Debug|Any CPU
		{BCD9B97A-C6C0-4DDB-98D0-30C14491C17A}.Debug|iPhoneSimulator.ActiveCfg = Debug|Any CPU
		{BCD9B97A-C6C0-4DDB-98D0-30C14491C17A}.Debug|Mixed Platforms.ActiveCfg = Debug|Any CPU
		{BCD9B97A-C6C0-4DDB-98D0-30C14491C17A}.Debug|Mixed Platforms.Build.0 = Debug|Any CPU
		{BCD9B97A-C6C0-4DDB-98D0-30C14491C17A}.Debug|x86.ActiveCfg = Debug|Any CPU
		{BCD9B97A-C6C0-4DDB-98D0-30C14491C17A}.Mono Debug|Any CPU.ActiveCfg = Debug|Any CPU
		{BCD9B97A-C6C0-4DDB-98D0-30C14491C17A}.Mono Debug|Any CPU.Build.0 = Debug|Any CPU
		{BCD9B97A-C6C0-4DDB-98D0-30C14491C17A}.Mono Debug|ARM.ActiveCfg = Debug|Any CPU
		{BCD9B97A-C6C0-4DDB-98D0-30C14491C17A}.Mono Debug|iPhone.ActiveCfg = Debug|Any CPU
		{BCD9B97A-C6C0-4DDB-98D0-30C14491C17A}.Mono Debug|iPhoneSimulator.ActiveCfg = Debug|Any CPU
		{BCD9B97A-C6C0-4DDB-98D0-30C14491C17A}.Mono Debug|Mixed Platforms.ActiveCfg = Debug|Any CPU
		{BCD9B97A-C6C0-4DDB-98D0-30C14491C17A}.Mono Debug|Mixed Platforms.Build.0 = Debug|Any CPU
		{BCD9B97A-C6C0-4DDB-98D0-30C14491C17A}.Mono Debug|x86.ActiveCfg = Debug|Any CPU
		{BCD9B97A-C6C0-4DDB-98D0-30C14491C17A}.Mono Release|Any CPU.ActiveCfg = Release|Any CPU
		{BCD9B97A-C6C0-4DDB-98D0-30C14491C17A}.Mono Release|Any CPU.Build.0 = Release|Any CPU
		{BCD9B97A-C6C0-4DDB-98D0-30C14491C17A}.Mono Release|ARM.ActiveCfg = Release|Any CPU
		{BCD9B97A-C6C0-4DDB-98D0-30C14491C17A}.Mono Release|iPhone.ActiveCfg = Release|Any CPU
		{BCD9B97A-C6C0-4DDB-98D0-30C14491C17A}.Mono Release|iPhoneSimulator.ActiveCfg = Release|Any CPU
		{BCD9B97A-C6C0-4DDB-98D0-30C14491C17A}.Mono Release|Mixed Platforms.ActiveCfg = Release|Any CPU
		{BCD9B97A-C6C0-4DDB-98D0-30C14491C17A}.Mono Release|Mixed Platforms.Build.0 = Release|Any CPU
		{BCD9B97A-C6C0-4DDB-98D0-30C14491C17A}.Mono Release|x86.ActiveCfg = Release|Any CPU
		{BCD9B97A-C6C0-4DDB-98D0-30C14491C17A}.Release|Any CPU.ActiveCfg = Release|Any CPU
		{BCD9B97A-C6C0-4DDB-98D0-30C14491C17A}.Release|Any CPU.Build.0 = Release|Any CPU
		{BCD9B97A-C6C0-4DDB-98D0-30C14491C17A}.Release|ARM.ActiveCfg = Release|Any CPU
		{BCD9B97A-C6C0-4DDB-98D0-30C14491C17A}.Release|iPhone.ActiveCfg = Release|Any CPU
		{BCD9B97A-C6C0-4DDB-98D0-30C14491C17A}.Release|iPhoneSimulator.ActiveCfg = Release|Any CPU
		{BCD9B97A-C6C0-4DDB-98D0-30C14491C17A}.Release|Mixed Platforms.ActiveCfg = Release|Any CPU
		{BCD9B97A-C6C0-4DDB-98D0-30C14491C17A}.Release|Mixed Platforms.Build.0 = Release|Any CPU
		{BCD9B97A-C6C0-4DDB-98D0-30C14491C17A}.Release|x86.ActiveCfg = Release|Any CPU
		{8EBA6918-21BE-4D4D-94F9-4D2FDE3EA0D0}.Ad-Hoc|Any CPU.ActiveCfg = Release|Any CPU
		{8EBA6918-21BE-4D4D-94F9-4D2FDE3EA0D0}.Ad-Hoc|Any CPU.Build.0 = Release|Any CPU
		{8EBA6918-21BE-4D4D-94F9-4D2FDE3EA0D0}.Ad-Hoc|Any CPU.Deploy.0 = Release|Any CPU
		{8EBA6918-21BE-4D4D-94F9-4D2FDE3EA0D0}.Ad-Hoc|ARM.ActiveCfg = Release|ARM
		{8EBA6918-21BE-4D4D-94F9-4D2FDE3EA0D0}.Ad-Hoc|ARM.Build.0 = Release|ARM
		{8EBA6918-21BE-4D4D-94F9-4D2FDE3EA0D0}.Ad-Hoc|ARM.Deploy.0 = Release|ARM
		{8EBA6918-21BE-4D4D-94F9-4D2FDE3EA0D0}.Ad-Hoc|iPhone.ActiveCfg = Release|Any CPU
		{8EBA6918-21BE-4D4D-94F9-4D2FDE3EA0D0}.Ad-Hoc|iPhoneSimulator.ActiveCfg = Release|Any CPU
		{8EBA6918-21BE-4D4D-94F9-4D2FDE3EA0D0}.Ad-Hoc|Mixed Platforms.ActiveCfg = Release|x86
		{8EBA6918-21BE-4D4D-94F9-4D2FDE3EA0D0}.Ad-Hoc|Mixed Platforms.Build.0 = Release|x86
		{8EBA6918-21BE-4D4D-94F9-4D2FDE3EA0D0}.Ad-Hoc|Mixed Platforms.Deploy.0 = Release|x86
		{8EBA6918-21BE-4D4D-94F9-4D2FDE3EA0D0}.Ad-Hoc|x86.ActiveCfg = Release|x86
		{8EBA6918-21BE-4D4D-94F9-4D2FDE3EA0D0}.Ad-Hoc|x86.Build.0 = Release|x86
		{8EBA6918-21BE-4D4D-94F9-4D2FDE3EA0D0}.Ad-Hoc|x86.Deploy.0 = Release|x86
		{8EBA6918-21BE-4D4D-94F9-4D2FDE3EA0D0}.AppStore|Any CPU.ActiveCfg = Release|Any CPU
		{8EBA6918-21BE-4D4D-94F9-4D2FDE3EA0D0}.AppStore|Any CPU.Build.0 = Release|Any CPU
		{8EBA6918-21BE-4D4D-94F9-4D2FDE3EA0D0}.AppStore|Any CPU.Deploy.0 = Release|Any CPU
		{8EBA6918-21BE-4D4D-94F9-4D2FDE3EA0D0}.AppStore|ARM.ActiveCfg = Release|ARM
		{8EBA6918-21BE-4D4D-94F9-4D2FDE3EA0D0}.AppStore|ARM.Build.0 = Release|ARM
		{8EBA6918-21BE-4D4D-94F9-4D2FDE3EA0D0}.AppStore|ARM.Deploy.0 = Release|ARM
		{8EBA6918-21BE-4D4D-94F9-4D2FDE3EA0D0}.AppStore|iPhone.ActiveCfg = Release|Any CPU
		{8EBA6918-21BE-4D4D-94F9-4D2FDE3EA0D0}.AppStore|iPhoneSimulator.ActiveCfg = Release|Any CPU
		{8EBA6918-21BE-4D4D-94F9-4D2FDE3EA0D0}.AppStore|Mixed Platforms.ActiveCfg = Release|x86
		{8EBA6918-21BE-4D4D-94F9-4D2FDE3EA0D0}.AppStore|Mixed Platforms.Build.0 = Release|x86
		{8EBA6918-21BE-4D4D-94F9-4D2FDE3EA0D0}.AppStore|Mixed Platforms.Deploy.0 = Release|x86
		{8EBA6918-21BE-4D4D-94F9-4D2FDE3EA0D0}.AppStore|x86.ActiveCfg = Release|x86
		{8EBA6918-21BE-4D4D-94F9-4D2FDE3EA0D0}.AppStore|x86.Build.0 = Release|x86
		{8EBA6918-21BE-4D4D-94F9-4D2FDE3EA0D0}.AppStore|x86.Deploy.0 = Release|x86
		{8EBA6918-21BE-4D4D-94F9-4D2FDE3EA0D0}.Coverage|Any CPU.ActiveCfg = Release|Any CPU
		{8EBA6918-21BE-4D4D-94F9-4D2FDE3EA0D0}.Coverage|Any CPU.Build.0 = Release|Any CPU
		{8EBA6918-21BE-4D4D-94F9-4D2FDE3EA0D0}.Coverage|Any CPU.Deploy.0 = Release|Any CPU
		{8EBA6918-21BE-4D4D-94F9-4D2FDE3EA0D0}.Coverage|ARM.ActiveCfg = Release|ARM
		{8EBA6918-21BE-4D4D-94F9-4D2FDE3EA0D0}.Coverage|ARM.Build.0 = Release|ARM
		{8EBA6918-21BE-4D4D-94F9-4D2FDE3EA0D0}.Coverage|ARM.Deploy.0 = Release|ARM
		{8EBA6918-21BE-4D4D-94F9-4D2FDE3EA0D0}.Coverage|iPhone.ActiveCfg = Release|Any CPU
		{8EBA6918-21BE-4D4D-94F9-4D2FDE3EA0D0}.Coverage|iPhoneSimulator.ActiveCfg = Release|Any CPU
		{8EBA6918-21BE-4D4D-94F9-4D2FDE3EA0D0}.Coverage|Mixed Platforms.ActiveCfg = Release|x86
		{8EBA6918-21BE-4D4D-94F9-4D2FDE3EA0D0}.Coverage|Mixed Platforms.Build.0 = Release|x86
		{8EBA6918-21BE-4D4D-94F9-4D2FDE3EA0D0}.Coverage|Mixed Platforms.Deploy.0 = Release|x86
		{8EBA6918-21BE-4D4D-94F9-4D2FDE3EA0D0}.Coverage|x86.ActiveCfg = Release|x86
		{8EBA6918-21BE-4D4D-94F9-4D2FDE3EA0D0}.Coverage|x86.Build.0 = Release|x86
		{8EBA6918-21BE-4D4D-94F9-4D2FDE3EA0D0}.Coverage|x86.Deploy.0 = Release|x86
		{8EBA6918-21BE-4D4D-94F9-4D2FDE3EA0D0}.Debug|Any CPU.ActiveCfg = Debug|Any CPU
		{8EBA6918-21BE-4D4D-94F9-4D2FDE3EA0D0}.Debug|Any CPU.Build.0 = Debug|Any CPU
		{8EBA6918-21BE-4D4D-94F9-4D2FDE3EA0D0}.Debug|Any CPU.Deploy.0 = Debug|Any CPU
		{8EBA6918-21BE-4D4D-94F9-4D2FDE3EA0D0}.Debug|ARM.ActiveCfg = Debug|ARM
		{8EBA6918-21BE-4D4D-94F9-4D2FDE3EA0D0}.Debug|ARM.Build.0 = Debug|ARM
		{8EBA6918-21BE-4D4D-94F9-4D2FDE3EA0D0}.Debug|ARM.Deploy.0 = Debug|ARM
		{8EBA6918-21BE-4D4D-94F9-4D2FDE3EA0D0}.Debug|iPhone.ActiveCfg = Debug|Any CPU
		{8EBA6918-21BE-4D4D-94F9-4D2FDE3EA0D0}.Debug|iPhoneSimulator.ActiveCfg = Debug|Any CPU
		{8EBA6918-21BE-4D4D-94F9-4D2FDE3EA0D0}.Debug|Mixed Platforms.ActiveCfg = Debug|x86
		{8EBA6918-21BE-4D4D-94F9-4D2FDE3EA0D0}.Debug|Mixed Platforms.Build.0 = Debug|x86
		{8EBA6918-21BE-4D4D-94F9-4D2FDE3EA0D0}.Debug|Mixed Platforms.Deploy.0 = Debug|x86
		{8EBA6918-21BE-4D4D-94F9-4D2FDE3EA0D0}.Debug|x86.ActiveCfg = Debug|x86
		{8EBA6918-21BE-4D4D-94F9-4D2FDE3EA0D0}.Debug|x86.Build.0 = Debug|x86
		{8EBA6918-21BE-4D4D-94F9-4D2FDE3EA0D0}.Debug|x86.Deploy.0 = Debug|x86
		{8EBA6918-21BE-4D4D-94F9-4D2FDE3EA0D0}.Mono Debug|Any CPU.ActiveCfg = Debug|Any CPU
		{8EBA6918-21BE-4D4D-94F9-4D2FDE3EA0D0}.Mono Debug|Any CPU.Build.0 = Debug|Any CPU
		{8EBA6918-21BE-4D4D-94F9-4D2FDE3EA0D0}.Mono Debug|Any CPU.Deploy.0 = Debug|Any CPU
		{8EBA6918-21BE-4D4D-94F9-4D2FDE3EA0D0}.Mono Debug|ARM.ActiveCfg = Debug|ARM
		{8EBA6918-21BE-4D4D-94F9-4D2FDE3EA0D0}.Mono Debug|ARM.Build.0 = Debug|ARM
		{8EBA6918-21BE-4D4D-94F9-4D2FDE3EA0D0}.Mono Debug|ARM.Deploy.0 = Debug|ARM
		{8EBA6918-21BE-4D4D-94F9-4D2FDE3EA0D0}.Mono Debug|iPhone.ActiveCfg = Debug|Any CPU
		{8EBA6918-21BE-4D4D-94F9-4D2FDE3EA0D0}.Mono Debug|iPhoneSimulator.ActiveCfg = Debug|Any CPU
		{8EBA6918-21BE-4D4D-94F9-4D2FDE3EA0D0}.Mono Debug|Mixed Platforms.ActiveCfg = Debug|x86
		{8EBA6918-21BE-4D4D-94F9-4D2FDE3EA0D0}.Mono Debug|Mixed Platforms.Build.0 = Debug|x86
		{8EBA6918-21BE-4D4D-94F9-4D2FDE3EA0D0}.Mono Debug|Mixed Platforms.Deploy.0 = Debug|x86
		{8EBA6918-21BE-4D4D-94F9-4D2FDE3EA0D0}.Mono Debug|x86.ActiveCfg = Debug|x86
		{8EBA6918-21BE-4D4D-94F9-4D2FDE3EA0D0}.Mono Debug|x86.Build.0 = Debug|x86
		{8EBA6918-21BE-4D4D-94F9-4D2FDE3EA0D0}.Mono Debug|x86.Deploy.0 = Debug|x86
		{8EBA6918-21BE-4D4D-94F9-4D2FDE3EA0D0}.Mono Release|Any CPU.ActiveCfg = Release|Any CPU
		{8EBA6918-21BE-4D4D-94F9-4D2FDE3EA0D0}.Mono Release|Any CPU.Build.0 = Release|Any CPU
		{8EBA6918-21BE-4D4D-94F9-4D2FDE3EA0D0}.Mono Release|Any CPU.Deploy.0 = Release|Any CPU
		{8EBA6918-21BE-4D4D-94F9-4D2FDE3EA0D0}.Mono Release|ARM.ActiveCfg = Release|ARM
		{8EBA6918-21BE-4D4D-94F9-4D2FDE3EA0D0}.Mono Release|ARM.Build.0 = Release|ARM
		{8EBA6918-21BE-4D4D-94F9-4D2FDE3EA0D0}.Mono Release|ARM.Deploy.0 = Release|ARM
		{8EBA6918-21BE-4D4D-94F9-4D2FDE3EA0D0}.Mono Release|iPhone.ActiveCfg = Release|Any CPU
		{8EBA6918-21BE-4D4D-94F9-4D2FDE3EA0D0}.Mono Release|iPhoneSimulator.ActiveCfg = Release|Any CPU
		{8EBA6918-21BE-4D4D-94F9-4D2FDE3EA0D0}.Mono Release|Mixed Platforms.ActiveCfg = Release|x86
		{8EBA6918-21BE-4D4D-94F9-4D2FDE3EA0D0}.Mono Release|Mixed Platforms.Build.0 = Release|x86
		{8EBA6918-21BE-4D4D-94F9-4D2FDE3EA0D0}.Mono Release|Mixed Platforms.Deploy.0 = Release|x86
		{8EBA6918-21BE-4D4D-94F9-4D2FDE3EA0D0}.Mono Release|x86.ActiveCfg = Release|x86
		{8EBA6918-21BE-4D4D-94F9-4D2FDE3EA0D0}.Mono Release|x86.Build.0 = Release|x86
		{8EBA6918-21BE-4D4D-94F9-4D2FDE3EA0D0}.Mono Release|x86.Deploy.0 = Release|x86
		{8EBA6918-21BE-4D4D-94F9-4D2FDE3EA0D0}.Release|Any CPU.ActiveCfg = Release|Any CPU
		{8EBA6918-21BE-4D4D-94F9-4D2FDE3EA0D0}.Release|Any CPU.Build.0 = Release|Any CPU
		{8EBA6918-21BE-4D4D-94F9-4D2FDE3EA0D0}.Release|Any CPU.Deploy.0 = Release|Any CPU
		{8EBA6918-21BE-4D4D-94F9-4D2FDE3EA0D0}.Release|ARM.ActiveCfg = Release|ARM
		{8EBA6918-21BE-4D4D-94F9-4D2FDE3EA0D0}.Release|ARM.Build.0 = Release|ARM
		{8EBA6918-21BE-4D4D-94F9-4D2FDE3EA0D0}.Release|ARM.Deploy.0 = Release|ARM
		{8EBA6918-21BE-4D4D-94F9-4D2FDE3EA0D0}.Release|iPhone.ActiveCfg = Release|Any CPU
		{8EBA6918-21BE-4D4D-94F9-4D2FDE3EA0D0}.Release|iPhoneSimulator.ActiveCfg = Release|Any CPU
		{8EBA6918-21BE-4D4D-94F9-4D2FDE3EA0D0}.Release|Mixed Platforms.ActiveCfg = Release|x86
		{8EBA6918-21BE-4D4D-94F9-4D2FDE3EA0D0}.Release|Mixed Platforms.Build.0 = Release|x86
		{8EBA6918-21BE-4D4D-94F9-4D2FDE3EA0D0}.Release|Mixed Platforms.Deploy.0 = Release|x86
		{8EBA6918-21BE-4D4D-94F9-4D2FDE3EA0D0}.Release|x86.ActiveCfg = Release|x86
		{8EBA6918-21BE-4D4D-94F9-4D2FDE3EA0D0}.Release|x86.Build.0 = Release|x86
		{8EBA6918-21BE-4D4D-94F9-4D2FDE3EA0D0}.Release|x86.Deploy.0 = Release|x86
		{43924532-339B-44DD-8416-1EC1CBAB8FE8}.Ad-Hoc|Any CPU.ActiveCfg = Release|Any CPU
		{43924532-339B-44DD-8416-1EC1CBAB8FE8}.Ad-Hoc|Any CPU.Build.0 = Release|Any CPU
		{43924532-339B-44DD-8416-1EC1CBAB8FE8}.Ad-Hoc|ARM.ActiveCfg = Release|Any CPU
		{43924532-339B-44DD-8416-1EC1CBAB8FE8}.Ad-Hoc|iPhone.ActiveCfg = Release|Any CPU
		{43924532-339B-44DD-8416-1EC1CBAB8FE8}.Ad-Hoc|iPhoneSimulator.ActiveCfg = Release|Any CPU
		{43924532-339B-44DD-8416-1EC1CBAB8FE8}.Ad-Hoc|Mixed Platforms.ActiveCfg = Release|Any CPU
		{43924532-339B-44DD-8416-1EC1CBAB8FE8}.Ad-Hoc|Mixed Platforms.Build.0 = Release|Any CPU
		{43924532-339B-44DD-8416-1EC1CBAB8FE8}.Ad-Hoc|x86.ActiveCfg = Release|Any CPU
		{43924532-339B-44DD-8416-1EC1CBAB8FE8}.AppStore|Any CPU.ActiveCfg = Release|Any CPU
		{43924532-339B-44DD-8416-1EC1CBAB8FE8}.AppStore|Any CPU.Build.0 = Release|Any CPU
		{43924532-339B-44DD-8416-1EC1CBAB8FE8}.AppStore|ARM.ActiveCfg = Release|Any CPU
		{43924532-339B-44DD-8416-1EC1CBAB8FE8}.AppStore|iPhone.ActiveCfg = Release|Any CPU
		{43924532-339B-44DD-8416-1EC1CBAB8FE8}.AppStore|iPhoneSimulator.ActiveCfg = Release|Any CPU
		{43924532-339B-44DD-8416-1EC1CBAB8FE8}.AppStore|Mixed Platforms.ActiveCfg = Release|Any CPU
		{43924532-339B-44DD-8416-1EC1CBAB8FE8}.AppStore|Mixed Platforms.Build.0 = Release|Any CPU
		{43924532-339B-44DD-8416-1EC1CBAB8FE8}.AppStore|x86.ActiveCfg = Release|Any CPU
		{43924532-339B-44DD-8416-1EC1CBAB8FE8}.Coverage|Any CPU.ActiveCfg = Release|Any CPU
		{43924532-339B-44DD-8416-1EC1CBAB8FE8}.Coverage|Any CPU.Build.0 = Release|Any CPU
		{43924532-339B-44DD-8416-1EC1CBAB8FE8}.Coverage|ARM.ActiveCfg = Release|Any CPU
		{43924532-339B-44DD-8416-1EC1CBAB8FE8}.Coverage|iPhone.ActiveCfg = Release|Any CPU
		{43924532-339B-44DD-8416-1EC1CBAB8FE8}.Coverage|iPhoneSimulator.ActiveCfg = Release|Any CPU
		{43924532-339B-44DD-8416-1EC1CBAB8FE8}.Coverage|Mixed Platforms.ActiveCfg = Release|Any CPU
		{43924532-339B-44DD-8416-1EC1CBAB8FE8}.Coverage|Mixed Platforms.Build.0 = Release|Any CPU
		{43924532-339B-44DD-8416-1EC1CBAB8FE8}.Coverage|x86.ActiveCfg = Release|Any CPU
		{43924532-339B-44DD-8416-1EC1CBAB8FE8}.Debug|Any CPU.ActiveCfg = Debug|Any CPU
		{43924532-339B-44DD-8416-1EC1CBAB8FE8}.Debug|Any CPU.Build.0 = Debug|Any CPU
		{43924532-339B-44DD-8416-1EC1CBAB8FE8}.Debug|ARM.ActiveCfg = Debug|Any CPU
		{43924532-339B-44DD-8416-1EC1CBAB8FE8}.Debug|iPhone.ActiveCfg = Debug|Any CPU
		{43924532-339B-44DD-8416-1EC1CBAB8FE8}.Debug|iPhoneSimulator.ActiveCfg = Debug|Any CPU
		{43924532-339B-44DD-8416-1EC1CBAB8FE8}.Debug|Mixed Platforms.ActiveCfg = Debug|Any CPU
		{43924532-339B-44DD-8416-1EC1CBAB8FE8}.Debug|Mixed Platforms.Build.0 = Debug|Any CPU
		{43924532-339B-44DD-8416-1EC1CBAB8FE8}.Debug|x86.ActiveCfg = Debug|Any CPU
		{43924532-339B-44DD-8416-1EC1CBAB8FE8}.Mono Debug|Any CPU.ActiveCfg = Debug|Any CPU
		{43924532-339B-44DD-8416-1EC1CBAB8FE8}.Mono Debug|Any CPU.Build.0 = Debug|Any CPU
		{43924532-339B-44DD-8416-1EC1CBAB8FE8}.Mono Debug|ARM.ActiveCfg = Debug|Any CPU
		{43924532-339B-44DD-8416-1EC1CBAB8FE8}.Mono Debug|iPhone.ActiveCfg = Debug|Any CPU
		{43924532-339B-44DD-8416-1EC1CBAB8FE8}.Mono Debug|iPhoneSimulator.ActiveCfg = Debug|Any CPU
		{43924532-339B-44DD-8416-1EC1CBAB8FE8}.Mono Debug|Mixed Platforms.ActiveCfg = Debug|Any CPU
		{43924532-339B-44DD-8416-1EC1CBAB8FE8}.Mono Debug|Mixed Platforms.Build.0 = Debug|Any CPU
		{43924532-339B-44DD-8416-1EC1CBAB8FE8}.Mono Debug|x86.ActiveCfg = Debug|Any CPU
		{43924532-339B-44DD-8416-1EC1CBAB8FE8}.Mono Release|Any CPU.ActiveCfg = Release|Any CPU
		{43924532-339B-44DD-8416-1EC1CBAB8FE8}.Mono Release|Any CPU.Build.0 = Release|Any CPU
		{43924532-339B-44DD-8416-1EC1CBAB8FE8}.Mono Release|ARM.ActiveCfg = Release|Any CPU
		{43924532-339B-44DD-8416-1EC1CBAB8FE8}.Mono Release|iPhone.ActiveCfg = Release|Any CPU
		{43924532-339B-44DD-8416-1EC1CBAB8FE8}.Mono Release|iPhoneSimulator.ActiveCfg = Release|Any CPU
		{43924532-339B-44DD-8416-1EC1CBAB8FE8}.Mono Release|Mixed Platforms.ActiveCfg = Release|Any CPU
		{43924532-339B-44DD-8416-1EC1CBAB8FE8}.Mono Release|Mixed Platforms.Build.0 = Release|Any CPU
		{43924532-339B-44DD-8416-1EC1CBAB8FE8}.Mono Release|x86.ActiveCfg = Release|Any CPU
		{43924532-339B-44DD-8416-1EC1CBAB8FE8}.Release|Any CPU.ActiveCfg = Release|Any CPU
		{43924532-339B-44DD-8416-1EC1CBAB8FE8}.Release|Any CPU.Build.0 = Release|Any CPU
		{43924532-339B-44DD-8416-1EC1CBAB8FE8}.Release|ARM.ActiveCfg = Release|Any CPU
		{43924532-339B-44DD-8416-1EC1CBAB8FE8}.Release|iPhone.ActiveCfg = Release|Any CPU
		{43924532-339B-44DD-8416-1EC1CBAB8FE8}.Release|iPhoneSimulator.ActiveCfg = Release|Any CPU
		{43924532-339B-44DD-8416-1EC1CBAB8FE8}.Release|Mixed Platforms.ActiveCfg = Release|Any CPU
		{43924532-339B-44DD-8416-1EC1CBAB8FE8}.Release|Mixed Platforms.Build.0 = Release|Any CPU
		{43924532-339B-44DD-8416-1EC1CBAB8FE8}.Release|x86.ActiveCfg = Release|Any CPU
	EndGlobalSection
	GlobalSection(SolutionProperties) = preSolution
		HideSolutionNode = FALSE
	EndGlobalSection
	GlobalSection(NestedProjects) = preSolution
		{949DD877-568A-4006-843D-04AB375463B4} = {03B48B9B-9706-4072-9183-E267452DCC31}
		{DEA9870F-BE56-4C68-89F3-B2DCCAEABF6F} = {03B48B9B-9706-4072-9183-E267452DCC31}
		{8D1CAEE2-852E-4508-B5AB-39755E242A11} = {03B48B9B-9706-4072-9183-E267452DCC31}
		{69E45807-5C47-415A-8D7E-E191398B2CF9} = {03B48B9B-9706-4072-9183-E267452DCC31}
		{BCD9B97A-C6C0-4DDB-98D0-30C14491C17A} = {03B48B9B-9706-4072-9183-E267452DCC31}
		{8EBA6918-21BE-4D4D-94F9-4D2FDE3EA0D0} = {03B48B9B-9706-4072-9183-E267452DCC31}
		{CD2642DB-5C69-4855-B2C0-2E138A2ED849} = {57BCFC92-D4A7-4D4E-BEFC-F7097FA930EE}
		{2DA69210-55DB-489D-A3C1-02479BCB60CC} = {142FAC04-9B2F-41AC-BBDD-69A6B6225F18}
		{43924532-339B-44DD-8416-1EC1CBAB8FE8} = {5A40B68D-30D7-472C-B282-D99031AECC64}
	EndGlobalSection
EndGlobal
